
Microsoft Visual Studio Solution File, Format Version 12.00
# Visual Studio Version 17
VisualStudioVersion = 17.7.34031.279
MinimumVisualStudioVersion = 10.0.40219.1
Project("{FAE04EC0-301F-11D3-BF4B-00C04F79EFBC}") = "Sudoku", "Sudoku\Sudoku.csproj", "{FE90BA91-7117-47F5-8337-4EBF77B4EFC5}"
EndProject
Global
	GlobalSection(SolutionConfigurationPlatforms) = preSolution
		Debug|Any CPU = Debug|Any CPU
		Release|Any CPU = Release|Any CPU
	EndGlobalSection
	GlobalSection(ProjectConfigurationPlatforms) = postSolution
		{FE90BA91-7117-47F5-8337-4EBF77B4EFC5}.Debug|Any CPU.ActiveCfg = Debug|Any CPU
		{FE90BA91-7117-47F5-8337-4EBF77B4EFC5}.Debug|Any CPU.Build.0 = Debug|Any CPU
		{FE90BA91-7117-47F5-8337-4EBF77B4EFC5}.Release|Any CPU.ActiveCfg = Release|Any CPU
		{FE90BA91-7117-47F5-8337-4EBF77B4EFC5}.Release|Any CPU.Build.0 = Release|Any CPU
	EndGlobalSection
	GlobalSection(SolutionProperties) = preSolution
		HideSolutionNode = FALSE
	EndGlobalSection
	GlobalSection(ExtensibilityGlobals) = postSolution
		SolutionGuid = {2D71EF0F-F89B-4AE5-BD6B-9D58D0C6201D}
	EndGlobalSection
EndGlobal
